{
  "object": {
    "pins": [
      {
        "package": "BlinkOpenAPI",
        "repositoryURL": "https://github.com/grigorye/BlinkOpenAPI-Swift",
        "state": {
          "branch": "master",
          "revision": "b86e4d5d7800565d82601f662156b0fb1954bc88",
          "version": null
        }
      },
      {
        "package": "GETracing",
        "repositoryURL": "https://github.com/grigorye/GETracing",
        "state": {
          "branch": "master",
          "revision": "29dc7fb921802bc55f6c8e2cfc310c9c0b38f535",
          "version": null
        }
      },
      {
        "package": "OpenCombine",
        "repositoryURL": "https://github.com/OpenCombine/OpenCombine.git",
        "state": {
          "branch": null,
          "revision": "915a7efaf596058f9867ba76b08339740c47452e",
          "version": "0.10.1"
        }
      }
    ]
  },
  "version": 1
}
