{
  "object": {
    "pins": [
      {
        "package": "BlinkOpenAPI",
        "repositoryURL": "https://github.com/grigorye/BlinkOpenAPI-Swift",
        "state": {
          "branch": null,
          "revision": "91a682978cfea338217e048dcb7eba8a90d2adcb",
          "version": "0.0.2"
        }
      },
      {
        "package": "GETracing",
        "repositoryURL": "https://github.com/grigorye/GETracing",
        "state": {
          "branch": "master",
          "revision": "dcec96410d5e15edc79edfc5f1e7ec58aed81b7d",
          "version": null
        }
      },
      {
        "package": "OpenCombine",
        "repositoryURL": "https://github.com/OpenCombine/OpenCombine.git",
        "state": {
          "branch": null,
          "revision": "28993ae57de5a4ea7e164787636cafad442d568c",
          "version": "0.12.0"
        }
      }
    ]
  },
  "version": 1
}
